{
  "nodes": {
    "deploy": {
      "inputs": {
        "flake-compat": "flake-compat",
        "naersk": "naersk",
        "nixpkgs": "nixpkgs_2",
        "utils": "utils"
      },
      "locked": {
        "lastModified": 1616406726,
        "narHash": "sha256-n9zmgxR03QNrvs9/fHewqE0j3SjL7Y+cglBCFu3U3rg=",
        "owner": "serokell",
        "repo": "deploy-rs",
        "rev": "9e405fbc5ab5bacbd271fd78c6b6b6877c4d9f8d",
        "type": "github"
      },
      "original": {
        "owner": "serokell",
        "repo": "deploy-rs",
        "type": "github"
      }
    },
    "devshell": {
      "locked": {
        "lastModified": 1618523768,
        "narHash": "sha256-Gev9da35pHUey3kGz/zrJFc/9ICs++vPCho7qB1mqd8=",
        "owner": "numtide",
        "repo": "devshell",
        "rev": "709fe4d04a9101c9d224ad83f73416dce71baf21",
        "type": "github"
      },
      "original": {
        "owner": "numtide",
        "repo": "devshell",
        "type": "github"
      }
    },
    "devshell-flake": {
      "locked": {
        "lastModified": 1624738949,
        "narHash": "sha256-62pEoJ1jQARZ/fAuTw67j8MqTShd8BBm+ZoSs7aeJus=",
        "owner": "numtide",
        "repo": "devshell",
        "rev": "d4be23644b0b6471d556503e03cae3215d3f9cf6",
        "type": "github"
      },
      "original": {
        "owner": "numtide",
        "repo": "devshell",
        "type": "github"
      }
    },
    "devshell-flake_2": {
      "locked": {
        "lastModified": 1618523768,
        "narHash": "sha256-Gev9da35pHUey3kGz/zrJFc/9ICs++vPCho7qB1mqd8=",
        "owner": "numtide",
        "repo": "devshell",
        "rev": "709fe4d04a9101c9d224ad83f73416dce71baf21",
        "type": "github"
      },
      "original": {
        "owner": "numtide",
        "repo": "devshell",
        "type": "github"
      }
    },
    "digga": {
      "inputs": {
        "deploy": "deploy",
        "devshell": "devshell",
        "nixlib": "nixlib",
        "nixpkgs": "nixpkgs_3",
        "utils": "utils_2"
      },
      "locked": {
        "lastModified": 1621622491,
        "narHash": "sha256-umy9jRYUs062L2fv3XlSjX5j7+dPd2Pjw8qbQmsIaN4=",
        "owner": "divnix",
        "repo": "digga",
        "rev": "4a82d2b7638f06f4c900117a39f4fbeb18004b82",
        "type": "github"
      },
      "original": {
        "owner": "divnix",
        "ref": "staging",
        "repo": "digga",
        "type": "github"
      }
    },
    "flake-compat": {
      "flake": false,
      "locked": {
        "lastModified": 1606424373,
        "narHash": "sha256-oq8d4//CJOrVj+EcOaSXvMebvuTkmBJuT5tzlfewUnQ=",
        "owner": "edolstra",
        "repo": "flake-compat",
        "rev": "99f1c2157fba4bfe6211a321fd0ee43199025dbf",
        "type": "github"
      },
      "original": {
        "owner": "edolstra",
        "repo": "flake-compat",
        "type": "github"
      }
    },
    "flake-compat_2": {
      "flake": false,
      "locked": {
        "lastModified": 1606424373,
        "narHash": "sha256-oq8d4//CJOrVj+EcOaSXvMebvuTkmBJuT5tzlfewUnQ=",
        "owner": "edolstra",
        "repo": "flake-compat",
        "rev": "99f1c2157fba4bfe6211a321fd0ee43199025dbf",
        "type": "github"
      },
      "original": {
        "owner": "edolstra",
        "repo": "flake-compat",
        "type": "github"
      }
    },
    "flake-compat_3": {
      "flake": false,
      "locked": {
        "lastModified": 1606424373,
        "narHash": "sha256-oq8d4//CJOrVj+EcOaSXvMebvuTkmBJuT5tzlfewUnQ=",
        "owner": "edolstra",
        "repo": "flake-compat",
        "rev": "99f1c2157fba4bfe6211a321fd0ee43199025dbf",
        "type": "github"
      },
      "original": {
        "owner": "edolstra",
        "repo": "flake-compat",
        "type": "github"
      }
    },
    "flake-compat_4": {
      "flake": false,
      "locked": {
        "lastModified": 1606424373,
        "narHash": "sha256-oq8d4//CJOrVj+EcOaSXvMebvuTkmBJuT5tzlfewUnQ=",
        "owner": "edolstra",
        "repo": "flake-compat",
        "rev": "99f1c2157fba4bfe6211a321fd0ee43199025dbf",
        "type": "github"
      },
      "original": {
        "owner": "edolstra",
        "repo": "flake-compat",
        "type": "github"
      }
    },
    "flake-compat_5": {
      "flake": false,
      "locked": {
        "lastModified": 1606424373,
        "narHash": "sha256-oq8d4//CJOrVj+EcOaSXvMebvuTkmBJuT5tzlfewUnQ=",
        "owner": "edolstra",
        "repo": "flake-compat",
        "rev": "99f1c2157fba4bfe6211a321fd0ee43199025dbf",
        "type": "github"
      },
      "original": {
        "owner": "edolstra",
        "repo": "flake-compat",
        "type": "github"
      }
    },
    "flake-compat_6": {
      "flake": false,
      "locked": {
        "lastModified": 1606424373,
        "narHash": "sha256-oq8d4//CJOrVj+EcOaSXvMebvuTkmBJuT5tzlfewUnQ=",
        "owner": "edolstra",
        "repo": "flake-compat",
        "rev": "99f1c2157fba4bfe6211a321fd0ee43199025dbf",
        "type": "github"
      },
      "original": {
        "owner": "edolstra",
        "repo": "flake-compat",
        "type": "github"
      }
    },
    "flake-utils": {
      "locked": {
        "lastModified": 1622445595,
        "narHash": "sha256-m+JRe6Wc5OZ/mKw2bB3+Tl0ZbtyxxxfnAWln8Q5qs+Y=",
        "owner": "numtide",
        "repo": "flake-utils",
        "rev": "7d706970d94bc5559077eb1a6600afddcd25a7c8",
        "type": "github"
      },
      "original": {
        "owner": "numtide",
        "repo": "flake-utils",
        "type": "github"
      }
    },
    "flake-utils_2": {
      "locked": {
        "lastModified": 1620759905,
        "narHash": "sha256-WiyWawrgmyN0EdmiHyG2V+fqReiVi8bM9cRdMaKQOFg=",
        "owner": "numtide",
        "repo": "flake-utils",
        "rev": "b543720b25df6ffdfcf9227afafc5b8c1fabfae8",
        "type": "github"
      },
      "original": {
        "owner": "numtide",
        "repo": "flake-utils",
        "type": "github"
      }
    },
    "flake-utils_3": {
      "locked": {
        "lastModified": 1620759905,
        "narHash": "sha256-WiyWawrgmyN0EdmiHyG2V+fqReiVi8bM9cRdMaKQOFg=",
        "owner": "numtide",
        "repo": "flake-utils",
        "rev": "b543720b25df6ffdfcf9227afafc5b8c1fabfae8",
        "type": "github"
      },
      "original": {
        "owner": "numtide",
        "repo": "flake-utils",
        "type": "github"
      }
    },
    "flake-utils_4": {
      "locked": {
        "lastModified": 1620759905,
        "narHash": "sha256-WiyWawrgmyN0EdmiHyG2V+fqReiVi8bM9cRdMaKQOFg=",
        "owner": "numtide",
        "repo": "flake-utils",
        "rev": "b543720b25df6ffdfcf9227afafc5b8c1fabfae8",
        "type": "github"
      },
      "original": {
        "owner": "numtide",
        "repo": "flake-utils",
        "type": "github"
      }
    },
    "flake-utils_5": {
      "locked": {
        "lastModified": 1619345332,
        "narHash": "sha256-qHnQkEp1uklKTpx3MvKtY6xzgcqXDsz5nLilbbuL+3A=",
        "owner": "numtide",
        "repo": "flake-utils",
        "rev": "2ebf2558e5bf978c7fb8ea927dfaed8fefab2e28",
        "type": "github"
      },
      "original": {
        "owner": "numtide",
        "repo": "flake-utils",
        "type": "github"
      }
    },
    "flake-utils_6": {
      "locked": {
        "lastModified": 1620759905,
        "narHash": "sha256-WiyWawrgmyN0EdmiHyG2V+fqReiVi8bM9cRdMaKQOFg=",
        "owner": "numtide",
        "repo": "flake-utils",
        "rev": "b543720b25df6ffdfcf9227afafc5b8c1fabfae8",
        "type": "github"
      },
      "original": {
        "owner": "numtide",
        "repo": "flake-utils",
        "type": "github"
      }
    },
    "flake-utils_7": {
      "locked": {
        "lastModified": 1620759905,
        "narHash": "sha256-WiyWawrgmyN0EdmiHyG2V+fqReiVi8bM9cRdMaKQOFg=",
        "owner": "numtide",
        "repo": "flake-utils",
        "rev": "b543720b25df6ffdfcf9227afafc5b8c1fabfae8",
        "type": "github"
      },
      "original": {
        "owner": "numtide",
        "repo": "flake-utils",
        "type": "github"
      }
    },
    "naersk": {
      "inputs": {
        "nixpkgs": [
          "nixpkgs"
        ]
      },
      "locked": {
        "lastModified": 1610392286,
        "narHash": "sha256-3wFl5y+4YZO4SgRYK8WE7JIS3p0sxbgrGaQ6RMw+d98=",
        "owner": "nmattia",
        "repo": "naersk",
        "rev": "d7bfbad3304fd768c0f93a4c3b50976275e6d4be",
        "type": "github"
      },
      "original": {
        "owner": "nmattia",
        "ref": "master",
        "repo": "naersk",
        "type": "github"
      }
    },
    "nixlib": {
      "locked": {
        "lastModified": 1620519687,
        "narHash": "sha256-+6Dd72b2CASuXm2W7KRxZIE7AOy/dj4mU28vaF+zxcs=",
        "owner": "divnix",
        "repo": "nixpkgs.lib",
        "rev": "c7b6169809c5f74dd0c34f3d69e9d12ba4d448de",
        "type": "github"
      },
      "original": {
        "owner": "divnix",
        "repo": "nixpkgs.lib",
        "type": "github"
      }
    },
    "nixpkgs": {
      "locked": {
        "lastModified": 1625154014,
        "narHash": "sha256-Bl2Q3bb0eCqEPJ14s4p55Vp4aXess23UUhY9awK99/8=",
        "owner": "NixOS",
        "repo": "nixpkgs",
        "rev": "acc107f4be14608171c0a0d7e8d50ec2320d0318",
        "type": "github"
      },
      "original": {
        "id": "nixpkgs",
        "ref": "release-21.05",
        "type": "indirect"
      }
    },
    "nixpkgs-hardenedlinux": {
      "inputs": {
        "digga": "digga",
        "flake-compat": "flake-compat_2",
        "flake-utils": "flake-utils_3",
        "nixpkgs": "nixpkgs_4",
        "nvfetcher-flake": "nvfetcher-flake",
        "spicy-flake": "spicy-flake"
      },
      "locked": {
        "lastModified": 1622619394,
        "narHash": "sha256-pHoEZAsblKllLqMAI39pboI4JRSVrL9XrG9bYfKODB0=",
        "owner": "hardenedlinux",
        "repo": "nixpkgs-hardenedlinux",
        "rev": "7c14922a85f26c341642d17d125908100ec918c0",
        "type": "github"
      },
      "original": {
        "owner": "hardenedlinux",
        "repo": "nixpkgs-hardenedlinux",
        "type": "github"
      }
    },
    "nixpkgs_2": {
      "locked": {
        "lastModified": 1610942247,
        "narHash": "sha256-PKo1ATAlC6BmfYSRmX0TVmNoFbrec+A5OKcabGEu2yU=",
        "owner": "NixOS",
        "repo": "nixpkgs",
        "rev": "7d71001b796340b219d1bfa8552c81995017544a",
        "type": "github"
      },
      "original": {
        "owner": "NixOS",
        "ref": "nixpkgs-unstable",
        "repo": "nixpkgs",
        "type": "github"
      }
    },
    "nixpkgs_3": {
      "locked": {
        "lastModified": 1620962350,
        "narHash": "sha256-9ASW4d4/Z8HmRvuJI8rxbEOTbXTBpQ8y+CmFYBwtXzE=",
        "owner": "nixos",
        "repo": "nixpkgs",
        "rev": "5d4a430472cafada97888cc80672fab255231f57",
        "type": "github"
      },
      "original": {
        "owner": "nixos",
        "repo": "nixpkgs",
        "type": "github"
      }
    },
    "nixpkgs_4": {
      "locked": {
        "lastModified": 1621840840,
        "narHash": "sha256-o6h6+d5ZwrFmOTe+ma9s1Z9kyHsCW1C84IA8RZ9/fIU=",
        "owner": "NixOS",
        "repo": "nixpkgs",
        "rev": "ea7d4aa9b8225abd6147339f0d56675d6f1f0fd1",
        "type": "github"
      },
      "original": {
        "id": "nixpkgs",
        "ref": "nixos-unstable",
        "type": "indirect"
      }
    },
    "nixpkgs_5": {
      "locked": {
        "lastModified": 1618358406,
        "narHash": "sha256-BTdYXQqBjyBfw1BkkGHW+EPHY6IPGGguAPvEbmAWmGA=",
        "owner": "NixOS",
        "repo": "nixpkgs",
        "rev": "ccabc238a8bd142e58c2cd8db8ebd78ab38555d9",
        "type": "github"
      },
      "original": {
        "id": "nixpkgs",
        "rev": "ccabc238a8bd142e58c2cd8db8ebd78ab38555d9",
        "type": "indirect"
      }
    },
    "nixpkgs_6": {
      "locked": {
        "lastModified": 1621728353,
        "narHash": "sha256-cgRKslcI/lG5wnxgt1z6OGm+JnzmBqyR8m/JzpUNpYQ=",
        "owner": "NixOS",
        "repo": "nixpkgs",
        "rev": "900115a4f7fdd9189e7803ca781a65be663f2c89",
        "type": "github"
      },
      "original": {
        "owner": "NixOS",
        "ref": "nixos-unstable",
        "repo": "nixpkgs",
        "type": "github"
      }
    },
    "nvfetcher": {
      "inputs": {
        "flake-compat": "flake-compat_6",
        "flake-utils": "flake-utils_7",
        "nixpkgs": "nixpkgs_6"
      },
      "locked": {
        "lastModified": 1624890984,
        "narHash": "sha256-RMQtTm4OoEc8BHWk4/Yfu1y4uHlG4HCP+DeC0J0zGqQ=",
        "owner": "berberman",
        "repo": "nvfetcher",
        "rev": "d3efa8c58057dbcc1565dca3105d31d9f25fd5ca",
        "type": "github"
      },
      "original": {
        "owner": "berberman",
        "repo": "nvfetcher",
        "type": "github"
      }
    },
    "nvfetcher-flake": {
      "inputs": {
        "flake-compat": "flake-compat_3",
        "flake-utils": "flake-utils_4",
        "nixpkgs": [
          "nixpkgs"
        ]
      },
      "locked": {
        "lastModified": 1621996282,
        "narHash": "sha256-xOS+CkxTqj6Gux4KbAoOsieVDTL1/v5YVzVsnbmLErA=",
        "owner": "berberman",
        "repo": "nvfetcher",
        "rev": "ba41376a1db91fc53c50152271013ede397b9d3e",
        "type": "github"
      },
      "original": {
        "owner": "berberman",
        "repo": "nvfetcher",
        "type": "github"
      }
    },
    "nvfetcher-flake_2": {
      "inputs": {
        "flake-compat": "flake-compat_5",
        "flake-utils": "flake-utils_6",
        "nixpkgs": [
          "nixpkgs"
        ]
      },
      "locked": {
        "lastModified": 1621996282,
        "narHash": "sha256-xOS+CkxTqj6Gux4KbAoOsieVDTL1/v5YVzVsnbmLErA=",
        "owner": "berberman",
        "repo": "nvfetcher",
        "rev": "ba41376a1db91fc53c50152271013ede397b9d3e",
        "type": "github"
      },
      "original": {
        "owner": "berberman",
        "repo": "nvfetcher",
        "type": "github"
      }
    },
    "root": {
      "inputs": {
        "devshell-flake": "devshell-flake",
        "flake-utils": "flake-utils",
        "nixpkgs": "nixpkgs",
        "nixpkgs-hardenedlinux": "nixpkgs-hardenedlinux",
        "nvfetcher": "nvfetcher",
        "vast-overlay": "vast-overlay",
        "zeek-vast-src": "zeek-vast-src"
      }
    },
    "spicy-flake": {
      "inputs": {
        "devshell-flake": "devshell-flake_2",
        "flake-compat": "flake-compat_4",
        "flake-utils": "flake-utils_5",
        "nixpkgs": "nixpkgs_5",
        "nvfetcher-flake": "nvfetcher-flake_2"
      },
      "locked": {
        "lastModified": 1621998774,
        "narHash": "sha256-Dc/pHr45ApSJIknTqvmxueZbxUSvSbsdKiliIZXQeIs=",
        "owner": "GTrunSec",
        "repo": "spicy-with-nix-flake",
        "rev": "c6f4e3517510f04f7666abd53e3810a707e0dda0",
        "type": "github"
      },
      "original": {
        "owner": "GTrunSec",
        "repo": "spicy-with-nix-flake",
        "type": "github"
      }
    },
    "utils": {
      "locked": {
        "lastModified": 1610051610,
        "narHash": "sha256-U9rPz/usA1/Aohhk7Cmc2gBrEEKRzcW4nwPWMPwja4Y=",
        "owner": "numtide",
        "repo": "flake-utils",
        "rev": "3982c9903e93927c2164caa727cd3f6a0e6d14cc",
        "type": "github"
      },
      "original": {
        "owner": "numtide",
        "repo": "flake-utils",
        "type": "github"
      }
    },
    "utils_2": {
      "inputs": {
        "flake-utils": "flake-utils_2"
      },
      "locked": {
        "lastModified": 1621608968,
        "narHash": "sha256-VN9Zr6xY2gkBxIR538UVzuTECTMaDFds5qgaucZrDIc=",
        "owner": "gytis-ivaskevicius",
        "repo": "flake-utils-plus",
        "rev": "3929c2b70c3b4bb7bacd7f064e4f23f47981654a",
        "type": "github"
      },
      "original": {
        "owner": "gytis-ivaskevicius",
        "ref": "staging",
        "repo": "flake-utils-plus",
        "type": "github"
      }
    },
    "vast-overlay": {
      "flake": false,
      "locked": {
        "lastModified": 1625161366,
        "narHash": "sha256-OceItEMkfyBF10MMIH/dOVF+3Rd+9/8TdNEQXnN2dtg=",
        "owner": "tenzir",
        "repo": "vast",
        "rev": "f479a22fd9bb24443ab88f711eb35c94261067f1",
        "type": "github"
      },
      "original": {
        "owner": "tenzir",
        "repo": "vast",
        "type": "github"
      }
    },
    "zeek-vast-src": {
      "flake": false,
      "locked": {
        "lastModified": 1617477524,
        "narHash": "sha256-AdRDAmoUCTfCsD9l+nsLLdKqMzc6inurRGOm7w8Uz2g=",
        "owner": "tenzir",
        "repo": "zeek-vast",
        "rev": "8945b6389a2e3ae20d92a0b08a53b8bb73d459c2",
        "type": "github"
      },
      "original": {
        "owner": "tenzir",
        "repo": "zeek-vast",
        "type": "github"
      }
    }
  },
  "root": "root",
  "version": 7
}
